
Microsoft Visual Studio Solution File, Format Version 12.00
# Visual Studio 14
VisualStudioVersion = 14.0.25420.1
MinimumVisualStudioVersion = 10.0.40219.1
Project("{FAE04EC0-301F-11D3-BF4B-00C04F79EFBC}") = "RiskManagement.Data", "RiskManagement.Data\RiskManagement.Data.csproj", "{B1C7A84E-A8A1-4C0E-8794-15D25B10CDA5}"
EndProject
Project("{FAE04EC0-301F-11D3-BF4B-00C04F79EFBC}") = "RiskManagement.Models", "RiskManagement.Models\RiskManagement.Models.csproj", "{9BCB74A6-D147-464D-94CD-B16B1DA1FF34}"
EndProject
Project("{FAE04EC0-301F-11D3-BF4B-00C04F79EFBC}") = "RiskManagement.Repository", "RiskManagement.Repository\RiskManagement.Repository.csproj", "{CD967A94-FF56-45DA-9868-EA021172E63A}"
EndProject
Project("{FAE04EC0-301F-11D3-BF4B-00C04F79EFBC}") = "RiskManagement.API", "RiskManagement.API\RiskManagement.API.csproj", "{996C8BAB-F5FB-4199-B72A-EA331C85E0AF}"
EndProject
Project("{FAE04EC0-301F-11D3-BF4B-00C04F79EFBC}") = "RiskManagement.Web", "RiskManagement.Web\RiskManagement.Web.csproj", "{F580F20B-DA2F-4158-9EDC-1ED18C7EFC43}"
EndProject
Project("{FAE04EC0-301F-11D3-BF4B-00C04F79EFBC}") = "RiskManagement.Security", "RiskManagement.Security\RiskManagement.Security.csproj", "{6CE13A3B-60B1-4C69-B045-A0EE5882582F}"
EndProject
Project("{FAE04EC0-301F-11D3-BF4B-00C04F79EFBC}") = "RiskManagement.Core", "RiskManagement.Core\RiskManagement.Core.csproj", "{B32AE444-A936-4850-A701-E15D0DB41F44}"
EndProject
Global
	GlobalSection(SolutionConfigurationPlatforms) = preSolution
		Debug|Any CPU = Debug|Any CPU
		Release|Any CPU = Release|Any CPU
	EndGlobalSection
	GlobalSection(ProjectConfigurationPlatforms) = postSolution
		{B1C7A84E-A8A1-4C0E-8794-15D25B10CDA5}.Debug|Any CPU.ActiveCfg = Debug|Any CPU
		{B1C7A84E-A8A1-4C0E-8794-15D25B10CDA5}.Debug|Any CPU.Build.0 = Debug|Any CPU
		{B1C7A84E-A8A1-4C0E-8794-15D25B10CDA5}.Release|Any CPU.ActiveCfg = Release|Any CPU
		{B1C7A84E-A8A1-4C0E-8794-15D25B10CDA5}.Release|Any CPU.Build.0 = Release|Any CPU
		{9BCB74A6-D147-464D-94CD-B16B1DA1FF34}.Debug|Any CPU.ActiveCfg = Debug|Any CPU
		{9BCB74A6-D147-464D-94CD-B16B1DA1FF34}.Debug|Any CPU.Build.0 = Debug|Any CPU
		{9BCB74A6-D147-464D-94CD-B16B1DA1FF34}.Release|Any CPU.ActiveCfg = Release|Any CPU
		{9BCB74A6-D147-464D-94CD-B16B1DA1FF34}.Release|Any CPU.Build.0 = Release|Any CPU
		{CD967A94-FF56-45DA-9868-EA021172E63A}.Debug|Any CPU.ActiveCfg = Debug|Any CPU
		{CD967A94-FF56-45DA-9868-EA021172E63A}.Debug|Any CPU.Build.0 = Debug|Any CPU
		{CD967A94-FF56-45DA-9868-EA021172E63A}.Release|Any CPU.ActiveCfg = Release|Any CPU
		{CD967A94-FF56-45DA-9868-EA021172E63A}.Release|Any CPU.Build.0 = Release|Any CPU
		{996C8BAB-F5FB-4199-B72A-EA331C85E0AF}.Debug|Any CPU.ActiveCfg = Debug|Any CPU
		{996C8BAB-F5FB-4199-B72A-EA331C85E0AF}.Debug|Any CPU.Build.0 = Debug|Any CPU
		{996C8BAB-F5FB-4199-B72A-EA331C85E0AF}.Release|Any CPU.ActiveCfg = Release|Any CPU
		{996C8BAB-F5FB-4199-B72A-EA331C85E0AF}.Release|Any CPU.Build.0 = Release|Any CPU
		{F580F20B-DA2F-4158-9EDC-1ED18C7EFC43}.Debug|Any CPU.ActiveCfg = Debug|Any CPU
		{F580F20B-DA2F-4158-9EDC-1ED18C7EFC43}.Debug|Any CPU.Build.0 = Debug|Any CPU
		{F580F20B-DA2F-4158-9EDC-1ED18C7EFC43}.Release|Any CPU.ActiveCfg = Release|Any CPU
		{F580F20B-DA2F-4158-9EDC-1ED18C7EFC43}.Release|Any CPU.Build.0 = Release|Any CPU
		{6CE13A3B-60B1-4C69-B045-A0EE5882582F}.Debug|Any CPU.ActiveCfg = Debug|Any CPU
		{6CE13A3B-60B1-4C69-B045-A0EE5882582F}.Debug|Any CPU.Build.0 = Debug|Any CPU
		{6CE13A3B-60B1-4C69-B045-A0EE5882582F}.Release|Any CPU.ActiveCfg = Release|Any CPU
		{6CE13A3B-60B1-4C69-B045-A0EE5882582F}.Release|Any CPU.Build.0 = Release|Any CPU
		{B32AE444-A936-4850-A701-E15D0DB41F44}.Debug|Any CPU.ActiveCfg = Debug|Any CPU
		{B32AE444-A936-4850-A701-E15D0DB41F44}.Debug|Any CPU.Build.0 = Debug|Any CPU
		{B32AE444-A936-4850-A701-E15D0DB41F44}.Release|Any CPU.ActiveCfg = Release|Any CPU
		{B32AE444-A936-4850-A701-E15D0DB41F44}.Release|Any CPU.Build.0 = Release|Any CPU
	EndGlobalSection
	GlobalSection(SolutionProperties) = preSolution
		HideSolutionNode = FALSE
	EndGlobalSection
	GlobalSection(ExtensibilityGlobals) = postSolution
		SolutionGuid = {8B8A65A6-600A-44E9-B069-F33176FA4B8E}
	EndGlobalSection
	GlobalSection(TeamFoundationVersionControl) = preSolution
		SccNumberOfProjects = 8
		SccEnterpriseProvider = {4CA58AB2-18FA-4F8D-95D4-32DDF27D184C}
		SccTeamFoundationServer = https://harshgk.visualstudio.com/
		SccLocalPath0 = .
		SccProjectUniqueName1 = RiskManagement.API\\RiskManagement.API.csproj
		SccProjectName1 = RiskManagement.API
		SccLocalPath1 = RiskManagement.API
		SccProjectUniqueName2 = RiskManagement.Data\\RiskManagement.Data.csproj
		SccProjectName2 = RiskManagement.Data
		SccLocalPath2 = RiskManagement.Data
		SccProjectUniqueName3 = RiskManagement.Models\\RiskManagement.Models.csproj
		SccProjectName3 = RiskManagement.Models
		SccLocalPath3 = RiskManagement.Models
		SccProjectUniqueName4 = RiskManagement.Repository\\RiskManagement.Repository.csproj
		SccProjectName4 = RiskManagement.Repository
		SccLocalPath4 = RiskManagement.Repository
		SccProjectUniqueName5 = RiskManagement.Web\\RiskManagement.Web.csproj
		SccProjectName5 = RiskManagement.Web
		SccLocalPath5 = RiskManagement.Web
		SccProjectUniqueName6 = RiskManagement.Security\\RiskManagement.Security.csproj
		SccProjectName6 = RiskManagement.Security
		SccLocalPath6 = RiskManagement.Security
		SccProjectUniqueName7 = RiskManagement.Core\\RiskManagement.Core.csproj
		SccProjectName7 = RiskManagement.Core
		SccLocalPath7 = RiskManagement.Core
	EndGlobalSection
EndGlobal
